
Microsoft Visual Studio Solution File, Format Version 12.00
# Visual Studio Version 17
VisualStudioVersion = 17.5.33530.505
MinimumVisualStudioVersion = 10.0.40219.1
Project("{FAE04EC0-301F-11D3-BF4B-00C04F79EFBC}") = "ScalingCantripsKM", "ScalingCantripsKM\ScalingCantripsKM.csproj", "{135C4D1A-914D-49A7-88E0-42F60C3727EF}"
EndProject
Project("{2150E333-8FDC-42A3-9474-1A3956D46DE8}") = "Solution Items", "Solution Items", "{2A5A9231-1412-4393-BBF2-619F0548991B}"
	ProjectSection(SolutionItems) = preProject
		.gitignore = .gitignore
		LICENSE = LICENSE
		README.md = README.md
	EndProjectSection
EndProject
Global
	GlobalSection(SolutionConfigurationPlatforms) = preSolution
		Debug|Any CPU = Debug|Any CPU
		Release|Any CPU = Release|Any CPU
	EndGlobalSection
	GlobalSection(ProjectConfigurationPlatforms) = postSolution
		{135C4D1A-914D-49A7-88E0-42F60C3727EF}.Debug|Any CPU.ActiveCfg = Debug|Any CPU
		{135C4D1A-914D-49A7-88E0-42F60C3727EF}.Debug|Any CPU.Build.0 = Debug|Any CPU
		{135C4D1A-914D-49A7-88E0-42F60C3727EF}.Release|Any CPU.ActiveCfg = Release|Any CPU
		{135C4D1A-914D-49A7-88E0-42F60C3727EF}.Release|Any CPU.Build.0 = Release|Any CPU
	EndGlobalSection
	GlobalSection(SolutionProperties) = preSolution
		HideSolutionNode = FALSE
	EndGlobalSection
	GlobalSection(ExtensibilityGlobals) = postSolution
		SolutionGuid = {82E9C072-7B95-4F87-9096-12E73A526B08}
	EndGlobalSection
EndGlobal
